
Microsoft Visual Studio Solution File, Format Version 12.00
# Visual Studio Version 16
VisualStudioVersion = 16.0.30804.86
MinimumVisualStudioVersion = 10.0.40219.1
Project("{FAE04EC0-301F-11D3-BF4B-00C04F79EFBC}") = "Challenge_FileExists", "Challenge_FileExists\Challenge_FileExists.csproj", "{60B0EE55-0501-4EB2-BE30-4DC9CC1F7CEE}"
EndProject
Global
	GlobalSection(SolutionConfigurationPlatforms) = preSolution
		Debug|Any CPU = Debug|Any CPU
		Release|Any CPU = Release|Any CPU
	EndGlobalSection
	GlobalSection(ProjectConfigurationPlatforms) = postSolution
		{60B0EE55-0501-4EB2-BE30-4DC9CC1F7CEE}.Debug|Any CPU.ActiveCfg = Debug|Any CPU
		{60B0EE55-0501-4EB2-BE30-4DC9CC1F7CEE}.Debug|Any CPU.Build.0 = Debug|Any CPU
		{60B0EE55-0501-4EB2-BE30-4DC9CC1F7CEE}.Release|Any CPU.ActiveCfg = Release|Any CPU
		{60B0EE55-0501-4EB2-BE30-4DC9CC1F7CEE}.Release|Any CPU.Build.0 = Release|Any CPU
	EndGlobalSection
	GlobalSection(SolutionProperties) = preSolution
		HideSolutionNode = FALSE
	EndGlobalSection
	GlobalSection(ExtensibilityGlobals) = postSolution
		SolutionGuid = {D3CA0294-CA7A-470A-9593-601B52263719}
	EndGlobalSection
EndGlobal
